
Microsoft Visual Studio Solution File, Format Version 12.00
# Visual Studio Version 16
VisualStudioVersion = 16.0.29503.13
MinimumVisualStudioVersion = 10.0.40219.1
Project("{9A19103F-16F7-4668-BE54-9A1E7A4F7556}") = "ContactManagement.Api", "ContactManagement.Api\ContactManagement.Api.csproj", "{6B4C204A-3E76-4FE4-94BB-AE4D0B12E8EC}"
EndProject
Project("{FAE04EC0-301F-11D3-BF4B-00C04F79EFBC}") = "ContactManagement.DAL", "ContactManagement.DAL\ContactManagement.DAL.csproj", "{C34E0A4E-BC5E-4DA8-801D-29872BAC050C}"
EndProject
Project("{FAE04EC0-301F-11D3-BF4B-00C04F79EFBC}") = "ContactManagement.Repo", "ContactManagement.Repo\ContactManagement.Repo.csproj", "{3B17CEC1-4F35-489F-8D69-97131722E8F1}"
EndProject
Global
	GlobalSection(SolutionConfigurationPlatforms) = preSolution
		Debug|Any CPU = Debug|Any CPU
		Release|Any CPU = Release|Any CPU
	EndGlobalSection
	GlobalSection(ProjectConfigurationPlatforms) = postSolution
		{6B4C204A-3E76-4FE4-94BB-AE4D0B12E8EC}.Debug|Any CPU.ActiveCfg = Debug|Any CPU
		{6B4C204A-3E76-4FE4-94BB-AE4D0B12E8EC}.Debug|Any CPU.Build.0 = Debug|Any CPU
		{6B4C204A-3E76-4FE4-94BB-AE4D0B12E8EC}.Release|Any CPU.ActiveCfg = Release|Any CPU
		{6B4C204A-3E76-4FE4-94BB-AE4D0B12E8EC}.Release|Any CPU.Build.0 = Release|Any CPU
		{C34E0A4E-BC5E-4DA8-801D-29872BAC050C}.Debug|Any CPU.ActiveCfg = Debug|Any CPU
		{C34E0A4E-BC5E-4DA8-801D-29872BAC050C}.Debug|Any CPU.Build.0 = Debug|Any CPU
		{C34E0A4E-BC5E-4DA8-801D-29872BAC050C}.Release|Any CPU.ActiveCfg = Release|Any CPU
		{C34E0A4E-BC5E-4DA8-801D-29872BAC050C}.Release|Any CPU.Build.0 = Release|Any CPU
		{3B17CEC1-4F35-489F-8D69-97131722E8F1}.Debug|Any CPU.ActiveCfg = Debug|Any CPU
		{3B17CEC1-4F35-489F-8D69-97131722E8F1}.Debug|Any CPU.Build.0 = Debug|Any CPU
		{3B17CEC1-4F35-489F-8D69-97131722E8F1}.Release|Any CPU.ActiveCfg = Release|Any CPU
		{3B17CEC1-4F35-489F-8D69-97131722E8F1}.Release|Any CPU.Build.0 = Release|Any CPU
	EndGlobalSection
	GlobalSection(SolutionProperties) = preSolution
		HideSolutionNode = FALSE
	EndGlobalSection
	GlobalSection(ExtensibilityGlobals) = postSolution
		SolutionGuid = {CFCFFD7C-6F12-4DBF-909B-FF0F65C959BC}
	EndGlobalSection
EndGlobal
